{
  "version": "5",
  "specifiers": {
    "npm:@leawind/inventory@0.18.6": "0.18.6",
    "npm:commander@15.0.0-0": "15.0.0-0"
  },
  "npm": {
    "@leawind/inventory@0.18.6": {
      "integrity": "sha512-1DbEWVgcVeYy8mIiFwpJIJAai+rXjfwnzMWUbLa1mVkZ4f8hlSV7wP4UevRrrcCPKPscP6G+ts75j4+hLN/oxg==",
      "dependencies": [
        "lay-sing"
      ]
    },
    "commander@15.0.0-0": {
      "integrity": "sha512-R2Kbbun8cjOe1aTbX4elymOwNvIdWenwSZl++AeuCu8nBGvJO5qCEwZ8Wa/8GMg5TXj/dBcPiQm/l1T9DO+Ryg=="
    },
    "lay-sing@0.4.2": {
      "integrity": "sha512-kEkJosE2aguIdIhfS82UGXBdHm05Egc103FqPIy8t1+iC0ardeK58ZB28DTkuV1FV31oa97RpCWmWaCuMbm/LQ=="
    }
  }
}
